
Microsoft Visual Studio Solution File, Format Version 12.00
# Visual Studio Version 17
VisualStudioVersion = 17.14.36121.58 d17.14
MinimumVisualStudioVersion = 10.0.40219.1
Project("{FAE04EC0-301F-11D3-BF4B-00C04F79EFBC}") = "PowerShellUI", "PowerShellUI\PowerShellUI.csproj", "{68CB116F-BBCE-492B-8034-BDE84324C78C}"
EndProject
Global
	GlobalSection(SolutionConfigurationPlatforms) = preSolution
		Debug|Any CPU = Debug|Any CPU
		Release|Any CPU = Release|Any CPU
	EndGlobalSection
	GlobalSection(ProjectConfigurationPlatforms) = postSolution
		{68CB116F-BBCE-492B-8034-BDE84324C78C}.Debug|Any CPU.ActiveCfg = Debug|Any CPU
		{68CB116F-BBCE-492B-8034-BDE84324C78C}.Debug|Any CPU.Build.0 = Debug|Any CPU
		{68CB116F-BBCE-492B-8034-BDE84324C78C}.Release|Any CPU.ActiveCfg = Release|Any CPU
		{68CB116F-BBCE-492B-8034-BDE84324C78C}.Release|Any CPU.Build.0 = Release|Any CPU
	EndGlobalSection
	GlobalSection(SolutionProperties) = preSolution
		HideSolutionNode = FALSE
	EndGlobalSection
	GlobalSection(ExtensibilityGlobals) = postSolution
		SolutionGuid = {8090A05E-4139-4CC9-9E7F-51323A63B993}
	EndGlobalSection
EndGlobal
